lockfileVersion: '9.0'

settings:
  autoInstallPeers: true
  excludeLinksFromLockfile: false

importers:

  .:
    devDependencies:
      luamin:
        specifier: ^1.0.4
        version: 1.0.4

packages:

  luamin@1.0.4:
    resolution: {integrity: sha512-z1h0bclRD/QGsS/Dz4Skp9z0qPTmmm+IKcrCapGmdTczPWVdN9f9jk6WqkNrcifQr8+n9Pzsm9WkwpOH1JBUAQ==}
    hasBin: true

  luaparse@0.2.1:
    resolution: {integrity: sha512-VKBcryd5nJte4ZNR29NOk8F/UkMipjeb4yoxcSS51z6QAzg9DXUC2WsfLniS0J1eh3pr/ZL3e9ha6V8fhoLbBQ==}
    hasBin: true

snapshots:

  luamin@1.0.4:
    dependencies:
      luaparse: 0.2.1

  luaparse@0.2.1: {}
